{
    "_readme": [
        "This file locks the dependencies of your project to a known state",
        "Read more about it at https://getcomposer.org/doc/01-basic-usage.md#installing-dependencies",
        "This file is @generated automatically"
    ],
    "content-hash": "c81b59169449ab791d4d3f4234dc4d44",
    "packages": [
        {
            "name": "ruckusing/ruckusing-migrations",
            "version": "dev-master",
            "source": {
                "type": "git",
                "url": "http://dev/git/ufds/ruckusing-migrations.git",
                "reference": "21237303212f779b7f476d586448c6ce8560889f"
            },
            "require": {
                "php": ">=5.2.0"
            },
            "require-dev": {
                "phpunit/phpunit": "3.7.*"
            },
            "bin": [
                "ruckus.php"
            ],
            "type": "library",
            "autoload": {
                "psr-0": {
                    "Ruckusing": "lib/",
                    "Task": "lib/"
                }
            },
            "license": [
                "MIT"
            ],
            "authors": [
                {
                    "email": "codycaughlan@gmail.com",
                    "homepage": "https://github.com/ruckus/ruckusing-migrations/wiki",
                    "name": "Cody Caughlan",
                    "role": "Project lead / Developer"
                }
            ],
            "description": "Framework for generating and managing database migrations",
            "homepage": "https://github.com/ruckus/ruckusing-migrations",
            "keywords": [
                "database",
                "migrations",
                "mysql",
                "postgres",
                "rake",
                "ruckusing",
                "task"
            ],
            "support": {
                "email": "codycaughlan@gmail.com",
                "issues": "https://github.com/ruckus/ruckusing-migrations/issues",
                "source": "https://github.com/ruckus/ruckusing-migrations"
            },
            "time": "2016-05-19T14:00:01+00:00"
        },
        {
            "name": "ufds/libcommon",
            "version": "dev-master",
            "source": {
                "type": "git",
                "url": "http://dev/git/ufds/libcommon.git",
                "reference": "068e9ff449fe6a2ee8283b54aa4cd7a00b23e180"
            },
            "type": "library",
            "autoload": {
                "psr-4": {
                    "ufds\\": [
                        "common/"
                    ]
                }
            },
            "license": [
                "UFDS privat"
            ],
            "description": "UFDS common library",
            "time": "2017-01-10T13:09:31+00:00"
        },
        {
            "name": "ufds/libdatabase",
            "version": "dev-master",
            "source": {
                "type": "git",
                "url": "http://dev/git/ufds/libdatabase.git",
                "reference": "6c40e7d596a461b2f8d27c67b2cc04da3e7ab467"
            },
            "require": {
                "ruckusing/ruckusing-migrations": "dev-master",
                "ufds/libcommon": "dev-master",
                "ufds/libtypes": "dev-master",
                "ufds/libutil": "dev-master"
            },
            "type": "library",
            "autoload": {
                "psr-4": {
                    "ufds\\": "dbobject/"
                }
            },
            "license": [
                "UFDS privat"
            ],
            "description": "Generel ORM mapper baseret på PDO",
            "time": "2018-09-04T13:52:06+00:00"
        },
        {
            "name": "ufds/librest",
            "version": "dev-master",
            "source": {
                "type": "git",
                "url": "http://dev/git/ufds/librest.git",
                "reference": "c8c153bdbeb005d0d86a0b2b3036c814424031f8"
            },
            "require": {
                "ufds/libcommon": "dev-master",
                "ufds/libutil": "dev-master"
            },
            "require-dev": {
                "ruckusing/ruckusing-migrations": "dev-master",
                "ufds/libdatabase": "dev-master",
                "ufds/libtypes": "dev-master"
            },
            "type": "library",
            "autoload": {
                "psr-4": {
                    "ufds\\": [
                        "rest/"
                    ]
                }
            },
            "license": [
                "UFDS privat"
            ],
            "description": "UFDS standard rest api",
            "time": "2017-01-25T15:03:46+00:00"
        },
        {
            "name": "ufds/libtypes",
            "version": "dev-master",
            "source": {
                "type": "git",
                "url": "http://dev/git/ufds/libtypes.git",
                "reference": "ba93a1d262f58a6d201d07525282fec34fa0d156"
            },
            "require": {
                "ufds/libcommon": "dev-master"
            },
            "type": "library",
            "autoload": {
                "psr-4": {
                    "ufds\\": [
                        "types/"
                    ]
                }
            },
            "license": [
                "UFDS privat"
            ],
            "description": "UFDS standard types",
            "time": "2018-09-12T11:27:16+00:00"
        },
        {
            "name": "ufds/libutil",
            "version": "dev-master",
            "source": {
                "type": "git",
                "url": "http://dev/git/ufds/libutil.git",
                "reference": "f2de70dd48f6a3ffa28d82f5757c612ac64eaeb0"
            },
            "require": {
                "ufds/libcommon": "dev-master"
            },
            "type": "library",
            "autoload": {
                "psr-4": {
                    "ufds\\": [
                        "config/",
                        "di/",
                        "log/",
                        "lpr/"
                    ]
                }
            },
            "license": [
                "UFDS privat"
            ],
            "description": "Package of utils",
            "time": "2018-08-01T12:05:12+00:00"
        }
    ],
    "packages-dev": [],
    "aliases": [],
    "minimum-stability": "stable",
    "stability-flags": {
        "ruckusing/ruckusing-migrations": 20,
        "ufds/libdatabase": 20,
        "ufds/libtypes": 20,
        "ufds/libcommon": 20,
        "ufds/librest": 20,
        "ufds/libutil": 20
    },
    "prefer-stable": false,
    "prefer-lowest": false,
    "platform": [],
    "platform-dev": [],
    "platform-overrides": {
        "php": "5.5"
    }
}
